
Microsoft Visual Studio Solution File, Format Version 12.00
# Visual Studio 15
VisualStudioVersion = 15.0.28307.572
MinimumVisualStudioVersion = 10.0.40219.1
Project("{FAE04EC0-301F-11D3-BF4B-00C04F79EFBC}") = "AppQuanLy", "AppQuanLy\AppQuanLy.csproj", "{F6E38931-7A73-4185-B03D-5365FDC873B7}"
EndProject
Project("{FAE04EC0-301F-11D3-BF4B-00C04F79EFBC}") = "CKEditorBrowserControls", "CKEditorControl\CKEditorBrowserControls.csproj", "{C9D98DD6-C683-43CC-B541-EE058577BB0C}"
EndProject
Global
	GlobalSection(SolutionConfigurationPlatforms) = preSolution
		Debug|Any CPU = Debug|Any CPU
		Release|Any CPU = Release|Any CPU
	EndGlobalSection
	GlobalSection(ProjectConfigurationPlatforms) = postSolution
		{F6E38931-7A73-4185-B03D-5365FDC873B7}.Debug|Any CPU.ActiveCfg = Debug|Any CPU
		{F6E38931-7A73-4185-B03D-5365FDC873B7}.Debug|Any CPU.Build.0 = Debug|Any CPU
		{F6E38931-7A73-4185-B03D-5365FDC873B7}.Release|Any CPU.ActiveCfg = Release|Any CPU
		{F6E38931-7A73-4185-B03D-5365FDC873B7}.Release|Any CPU.Build.0 = Release|Any CPU
		{C9D98DD6-C683-43CC-B541-EE058577BB0C}.Debug|Any CPU.ActiveCfg = Debug|Any CPU
		{C9D98DD6-C683-43CC-B541-EE058577BB0C}.Debug|Any CPU.Build.0 = Debug|Any CPU
		{C9D98DD6-C683-43CC-B541-EE058577BB0C}.Release|Any CPU.ActiveCfg = Release|Any CPU
		{C9D98DD6-C683-43CC-B541-EE058577BB0C}.Release|Any CPU.Build.0 = Release|Any CPU
	EndGlobalSection
	GlobalSection(SolutionProperties) = preSolution
		HideSolutionNode = FALSE
	EndGlobalSection
	GlobalSection(ExtensibilityGlobals) = postSolution
		SolutionGuid = {31FD0D43-B28C-4F2C-8951-87211CB4A941}
	EndGlobalSection
EndGlobal
